// !$*UTF8*$!
{
	archiveVersion = 1;
	classes = {
	};
	objectVersion = 77;
	objects = {

/* Begin PBXBuildFile section */
		B502CBC12D01D6A700D7CB13 /* CalculatorViewController.swift in Sources */ = {isa = PBXBuildFile; fileRef = B502CBBF2D01D6A700D7CB13 /* CalculatorViewController.swift */; };
		B502CBC42D01D6D000D7CB13 /* CalculatorView.swift in Sources */ = {isa = PBXBuildFile; fileRef = B502CBC32D01D6D000D7CB13 /* CalculatorView.swift */; };
		B502CBC62D01DA7000D7CB13 /* KeypadView.swift in Sources */ = {isa = PBXBuildFile; fileRef = B502CBC52D01DA7000D7CB13 /* KeypadView.swift */; };
		B502CBC92D020C4000D7CB13 /* CalculatorModel.swift in Sources */ = {isa = PBXBuildFile; fileRef = B502CBC82D020C4000D7CB13 /* CalculatorModel.swift */; };
		B502CC142D02D6E300D7CB13 /* ExCalculatorUITests.swift in Sources */ = {isa = PBXBuildFile; fileRef = B502CC112D02D6E300D7CB13 /* ExCalculatorUITests.swift */; };
		B502CC152D02D6E300D7CB13 /* ExCalculatorUITestsLaunchTests.swift in Sources */ = {isa = PBXBuildFile; fileRef = B502CC122D02D6E300D7CB13 /* ExCalculatorUITestsLaunchTests.swift */; };
		B502CC172D02DEC500D7CB13 /* CalculatorViewTests.swift in Sources */ = {isa = PBXBuildFile; fileRef = B502CC162D02DEC500D7CB13 /* CalculatorViewTests.swift */; };
		B502CC192D02EC6700D7CB13 /* MockKeypadViewDelegate.swift in Sources */ = {isa = PBXBuildFile; fileRef = B502CC182D02EC6700D7CB13 /* MockKeypadViewDelegate.swift */; };
		B502CC1B2D02FE2200D7CB13 /* CalculatorControllerTests.swift in Sources */ = {isa = PBXBuildFile; fileRef = B502CC1A2D02FE2200D7CB13 /* CalculatorControllerTests.swift */; };
		B502CC1D2D02FEAD00D7CB13 /* MockCalculatorModel+Impl.swift in Sources */ = {isa = PBXBuildFile; fileRef = B502CC1C2D02FEAD00D7CB13 /* MockCalculatorModel+Impl.swift */; };
		B502CC1F2D02FEB600D7CB13 /* MockCalculatorView+Impl.swift in Sources */ = {isa = PBXBuildFile; fileRef = B502CC1E2D02FEB600D7CB13 /* MockCalculatorView+Impl.swift */; };
		B502CC252D0327EB00D7CB13 /* CalculatorModelTests.swift in Sources */ = {isa = PBXBuildFile; fileRef = B502CC232D0327EB00D7CB13 /* CalculatorModelTests.swift */; };
		B502CC2B2D03F83D00D7CB13 /* ExCalulatorApp.swift in Sources */ = {isa = PBXBuildFile; fileRef = B502CC2A2D03F83700D7CB13 /* ExCalulatorApp.swift */; };
		B55D13EA2CE2094900C73A8B /* SceneDelegate.swift in Sources */ = {isa = PBXBuildFile; fileRef = B55D13E62CE2094900C73A8B /* SceneDelegate.swift */; };
		B55D13EC2CE2094900C73A8B /* Assets.xcassets in Resources */ = {isa = PBXBuildFile; fileRef = B55D13E02CE2094900C73A8B /* Assets.xcassets */; };
		B55D13EE2CE2094900C73A8B /* LaunchScreen.storyboard in Resources */ = {isa = PBXBuildFile; fileRef = B55D13E32CE2094900C73A8B /* LaunchScreen.storyboard */; };
/* End PBXBuildFile section */

/* Begin PBXContainerItemProxy section */
		B502CBFA2D02D6C100D7CB13 /* PBXContainerItemProxy */ = {
			isa = PBXContainerItemProxy;
			containerPortal = B55D13BF2CE208CC00C73A8B /* Project object */;
			proxyType = 1;
			remoteGlobalIDString = B55D13C62CE208CC00C73A8B;
			remoteInfo = ExCalculator;
		};
		B502CC0C2D02D6DC00D7CB13 /* PBXContainerItemProxy */ = {
			isa = PBXContainerItemProxy;
			containerPortal = B55D13BF2CE208CC00C73A8B /* Project object */;
			proxyType = 1;
			remoteGlobalIDString = B55D13C62CE208CC00C73A8B;
			remoteInfo = ExCalculator;
		};
/* End PBXContainerItemProxy section */

/* Begin PBXFileReference section */
		B502CBBF2D01D6A700D7CB13 /* CalculatorViewController.swift */ = {isa = PBXFileReference; lastKnownFileType = sourcecode.swift; path = CalculatorViewController.swift; sourceTree = "<group>"; };
		B502CBC32D01D6D000D7CB13 /* CalculatorView.swift */ = {isa = PBXFileReference; lastKnownFileType = sourcecode.swift; path = CalculatorView.swift; sourceTree = "<group>"; };
		B502CBC52D01DA7000D7CB13 /* KeypadView.swift */ = {isa = PBXFileReference; lastKnownFileType = sourcecode.swift; path = KeypadView.swift; sourceTree = "<group>"; };
		B502CBC82D020C4000D7CB13 /* CalculatorModel.swift */ = {isa = PBXFileReference; lastKnownFileType = sourcecode.swift; path = CalculatorModel.swift; sourceTree = "<group>"; };
		B502CBF62D02D6C100D7CB13 /* ExCalculatorTests.xctest */ = {isa = PBXFileReference; explicitFileType = wrapper.cfbundle; includeInIndex = 0; path = ExCalculatorTests.xctest; sourceTree = BUILT_PRODUCTS_DIR; };
		B502CC062D02D6DC00D7CB13 /* ExCalculatorUITests.xctest */ = {isa = PBXFileReference; explicitFileType = wrapper.cfbundle; includeInIndex = 0; path = ExCalculatorUITests.xctest; sourceTree = BUILT_PRODUCTS_DIR; };
		B502CC112D02D6E300D7CB13 /* ExCalculatorUITests.swift */ = {isa = PBXFileReference; lastKnownFileType = sourcecode.swift; path = ExCalculatorUITests.swift; sourceTree = "<group>"; };
		B502CC122D02D6E300D7CB13 /* ExCalculatorUITestsLaunchTests.swift */ = {isa = PBXFileReference; lastKnownFileType = sourcecode.swift; path = ExCalculatorUITestsLaunchTests.swift; sourceTree = "<group>"; };
		B502CC162D02DEC500D7CB13 /* CalculatorViewTests.swift */ = {isa = PBXFileReference; lastKnownFileType = sourcecode.swift; path = CalculatorViewTests.swift; sourceTree = "<group>"; };
		B502CC182D02EC6700D7CB13 /* MockKeypadViewDelegate.swift */ = {isa = PBXFileReference; lastKnownFileType = sourcecode.swift; path = MockKeypadViewDelegate.swift; sourceTree = "<group>"; };
		B502CC1A2D02FE2200D7CB13 /* CalculatorControllerTests.swift */ = {isa = PBXFileReference; lastKnownFileType = sourcecode.swift; path = CalculatorControllerTests.swift; sourceTree = "<group>"; };
		B502CC1C2D02FEAD00D7CB13 /* MockCalculatorModel+Impl.swift */ = {isa = PBXFileReference; lastKnownFileType = sourcecode.swift; path = "MockCalculatorModel+Impl.swift"; sourceTree = "<group>"; };
		B502CC1E2D02FEB600D7CB13 /* MockCalculatorView+Impl.swift */ = {isa = PBXFileReference; lastKnownFileType = sourcecode.swift; path = "MockCalculatorView+Impl.swift"; sourceTree = "<group>"; };
		B502CC232D0327EB00D7CB13 /* CalculatorModelTests.swift */ = {isa = PBXFileReference; lastKnownFileType = sourcecode.swift; path = CalculatorModelTests.swift; sourceTree = "<group>"; };
		B502CC2A2D03F83700D7CB13 /* ExCalulatorApp.swift */ = {isa = PBXFileReference; lastKnownFileType = sourcecode.swift; path = ExCalulatorApp.swift; sourceTree = "<group>"; };
		B55D13C72CE208CC00C73A8B /* ExCalculator.app */ = {isa = PBXFileReference; explicitFileType = wrapper.application; includeInIndex = 0; path = ExCalculator.app; sourceTree = BUILT_PRODUCTS_DIR; };
		B55D13E02CE2094900C73A8B /* Assets.xcassets */ = {isa = PBXFileReference; lastKnownFileType = folder.assetcatalog; path = Assets.xcassets; sourceTree = "<group>"; };
		B55D13E12CE2094900C73A8B /* Info.plist */ = {isa = PBXFileReference; lastKnownFileType = text.plist.xml; path = Info.plist; sourceTree = "<group>"; };
		B55D13E22CE2094900C73A8B /* Base */ = {isa = PBXFileReference; lastKnownFileType = file.storyboard; name = Base; path = Base.lproj/LaunchScreen.storyboard; sourceTree = "<group>"; };
		B55D13E62CE2094900C73A8B /* SceneDelegate.swift */ = {isa = PBXFileReference; lastKnownFileType = sourcecode.swift; path = SceneDelegate.swift; sourceTree = "<group>"; };
/* End PBXFileReference section */

/* Begin PBXFrameworksBuildPhase section */
		B502CBF32D02D6C100D7CB13 /* Frameworks */ = {
			isa = PBXFrameworksBuildPhase;
			buildActionMask = 2147483647;
			files = (
			);
			runOnlyForDeploymentPostprocessing = 0;
		};
		B502CC032D02D6DC00D7CB13 /* Frameworks */ = {
			isa = PBXFrameworksBuildPhase;
			buildActionMask = 2147483647;
			files = (
			);
			runOnlyForDeploymentPostprocessing = 0;
		};
		B55D13C42CE208CC00C73A8B /* Frameworks */ = {
			isa = PBXFrameworksBuildPhase;
			buildActionMask = 2147483647;
			files = (
			);
			runOnlyForDeploymentPostprocessing = 0;
		};
/* End PBXFrameworksBuildPhase section */

/* Begin PBXGroup section */
		B502CBC02D01D6A700D7CB13 /* Controller */ = {
			isa = PBXGroup;
			children = (
				B502CBBF2D01D6A700D7CB13 /* CalculatorViewController.swift */,
			);
			path = Controller;
			sourceTree = "<group>";
		};
		B502CBC22D01D6AC00D7CB13 /* View */ = {
			isa = PBXGroup;
			children = (
				B502CBC32D01D6D000D7CB13 /* CalculatorView.swift */,
				B502CBC52D01DA7000D7CB13 /* KeypadView.swift */,
			);
			path = View;
			sourceTree = "<group>";
		};
		B502CBC72D020C3600D7CB13 /* Model */ = {
			isa = PBXGroup;
			children = (
				B502CBC82D020C4000D7CB13 /* CalculatorModel.swift */,
			);
			path = Model;
			sourceTree = "<group>";
		};
		B502CC002D02D6C800D7CB13 /* ExCalculatorTests */ = {
			isa = PBXGroup;
			children = (
				B502CC242D0327EB00D7CB13 /* Model */,
				B502CC262D03281500D7CB13 /* View */,
				B502CC292D03283400D7CB13 /* Controller */,
			);
			path = ExCalculatorTests;
			sourceTree = "<group>";
		};
		B502CC132D02D6E300D7CB13 /* ExCalculatorUITests */ = {
			isa = PBXGroup;
			children = (
				B502CC112D02D6E300D7CB13 /* ExCalculatorUITests.swift */,
				B502CC122D02D6E300D7CB13 /* ExCalculatorUITestsLaunchTests.swift */,
			);
			path = ExCalculatorUITests;
			sourceTree = "<group>";
		};
		B502CC242D0327EB00D7CB13 /* Model */ = {
			isa = PBXGroup;
			children = (
				B502CC232D0327EB00D7CB13 /* CalculatorModelTests.swift */,
				B502CC282D03282400D7CB13 /* Mock */,
			);
			path = Model;
			sourceTree = "<group>";
		};
		B502CC262D03281500D7CB13 /* View */ = {
			isa = PBXGroup;
			children = (
				B502CC162D02DEC500D7CB13 /* CalculatorViewTests.swift */,
				B502CC272D03281D00D7CB13 /* Mock */,
			);
			path = View;
			sourceTree = "<group>";
		};
		B502CC272D03281D00D7CB13 /* Mock */ = {
			isa = PBXGroup;
			children = (
				B502CC182D02EC6700D7CB13 /* MockKeypadViewDelegate.swift */,
				B502CC1E2D02FEB600D7CB13 /* MockCalculatorView+Impl.swift */,
			);
			path = Mock;
			sourceTree = "<group>";
		};
		B502CC282D03282400D7CB13 /* Mock */ = {
			isa = PBXGroup;
			children = (
				B502CC1C2D02FEAD00D7CB13 /* MockCalculatorModel+Impl.swift */,
			);
			path = Mock;
			sourceTree = "<group>";
		};
		B502CC292D03283400D7CB13 /* Controller */ = {
			isa = PBXGroup;
			children = (
				B502CC1A2D02FE2200D7CB13 /* CalculatorControllerTests.swift */,
			);
			path = Controller;
			sourceTree = "<group>";
		};
		B55D13BE2CE208CC00C73A8B = {
			isa = PBXGroup;
			children = (
				B55D13E82CE2094900C73A8B /* ExCalculator */,
				B502CC002D02D6C800D7CB13 /* ExCalculatorTests */,
				B502CC132D02D6E300D7CB13 /* ExCalculatorUITests */,
				B55D13C82CE208CC00C73A8B /* Products */,
			);
			sourceTree = "<group>";
		};
		B55D13C82CE208CC00C73A8B /* Products */ = {
			isa = PBXGroup;
			children = (
				B55D13C72CE208CC00C73A8B /* ExCalculator.app */,
				B502CBF62D02D6C100D7CB13 /* ExCalculatorTests.xctest */,
				B502CC062D02D6DC00D7CB13 /* ExCalculatorUITests.xctest */,
			);
			name = Products;
			sourceTree = "<group>";
		};
		B55D13E82CE2094900C73A8B /* ExCalculator */ = {
			isa = PBXGroup;
			children = (
				B502CC2A2D03F83700D7CB13 /* ExCalulatorApp.swift */,
				B55D13E02CE2094900C73A8B /* Assets.xcassets */,
				B55D13E12CE2094900C73A8B /* Info.plist */,
				B55D13E32CE2094900C73A8B /* LaunchScreen.storyboard */,
				B55D13E62CE2094900C73A8B /* SceneDelegate.swift */,
				B502CBC72D020C3600D7CB13 /* Model */,
				B502CBC22D01D6AC00D7CB13 /* View */,
				B502CBC02D01D6A700D7CB13 /* Controller */,
			);
			path = ExCalculator;
			sourceTree = "<group>";
		};
/* End PBXGroup section */

/* Begin PBXNativeTarget section */
		B502CBF52D02D6C100D7CB13 /* ExCalculatorTests */ = {
			isa = PBXNativeTarget;
			buildConfigurationList = B502CBFE2D02D6C100D7CB13 /* Build configuration list for PBXNativeTarget "ExCalculatorTests" */;
			buildPhases = (
				B502CBF22D02D6C100D7CB13 /* Sources */,
				B502CBF32D02D6C100D7CB13 /* Frameworks */,
				B502CBF42D02D6C100D7CB13 /* Resources */,
			);
			buildRules = (
			);
			dependencies = (
				B502CBFB2D02D6C100D7CB13 /* PBXTargetDependency */,
			);
			name = ExCalculatorTests;
			packageProductDependencies = (
			);
			productName = ExCalculatorTests;
			productReference = B502CBF62D02D6C100D7CB13 /* ExCalculatorTests.xctest */;
			productType = "com.apple.product-type.bundle.unit-test";
		};
		B502CC052D02D6DC00D7CB13 /* ExCalculatorUITests */ = {
			isa = PBXNativeTarget;
			buildConfigurationList = B502CC0E2D02D6DC00D7CB13 /* Build configuration list for PBXNativeTarget "ExCalculatorUITests" */;
			buildPhases = (
				B502CC022D02D6DC00D7CB13 /* Sources */,
				B502CC032D02D6DC00D7CB13 /* Frameworks */,
				B502CC042D02D6DC00D7CB13 /* Resources */,
			);
			buildRules = (
			);
			dependencies = (
				B502CC0D2D02D6DC00D7CB13 /* PBXTargetDependency */,
			);
			name = ExCalculatorUITests;
			packageProductDependencies = (
			);
			productName = ExCalculatorUITests;
			productReference = B502CC062D02D6DC00D7CB13 /* ExCalculatorUITests.xctest */;
			productType = "com.apple.product-type.bundle.ui-testing";
		};
		B55D13C62CE208CC00C73A8B /* ExCalculator */ = {
			isa = PBXNativeTarget;
			buildConfigurationList = B55D13DA2CE208CD00C73A8B /* Build configuration list for PBXNativeTarget "ExCalculator" */;
			buildPhases = (
				B55D13C32CE208CC00C73A8B /* Sources */,
				B55D13C42CE208CC00C73A8B /* Frameworks */,
				B55D13C52CE208CC00C73A8B /* Resources */,
			);
			buildRules = (
			);
			dependencies = (
			);
			name = ExCalculator;
			packageProductDependencies = (
			);
			productName = ExCalculator;
			productReference = B55D13C72CE208CC00C73A8B /* ExCalculator.app */;
			productType = "com.apple.product-type.application";
		};
/* End PBXNativeTarget section */

/* Begin PBXProject section */
		B55D13BF2CE208CC00C73A8B /* Project object */ = {
			isa = PBXProject;
			attributes = {
				BuildIndependentTargetsInParallel = 1;
				LastSwiftUpdateCheck = 1610;
				LastUpgradeCheck = 1610;
				TargetAttributes = {
					B502CBF52D02D6C100D7CB13 = {
						CreatedOnToolsVersion = 16.1;
						TestTargetID = B55D13C62CE208CC00C73A8B;
					};
					B502CC052D02D6DC00D7CB13 = {
						CreatedOnToolsVersion = 16.1;
						TestTargetID = B55D13C62CE208CC00C73A8B;
					};
					B55D13C62CE208CC00C73A8B = {
						CreatedOnToolsVersion = 16.1;
					};
				};
			};
			buildConfigurationList = B55D13C22CE208CC00C73A8B /* Build configuration list for PBXProject "ExCalculator" */;
			developmentRegion = en;
			hasScannedForEncodings = 0;
			knownRegions = (
				en,
				Base,
			);
			mainGroup = B55D13BE2CE208CC00C73A8B;
			minimizedProjectReferenceProxies = 1;
			preferredProjectObjectVersion = 77;
			productRefGroup = B55D13C82CE208CC00C73A8B /* Products */;
			projectDirPath = "";
			projectRoot = "";
			targets = (
				B55D13C62CE208CC00C73A8B /* ExCalculator */,
				B502CBF52D02D6C100D7CB13 /* ExCalculatorTests */,
				B502CC052D02D6DC00D7CB13 /* ExCalculatorUITests */,
			);
		};
/* End PBXProject section */

/* Begin PBXResourcesBuildPhase section */
		B502CBF42D02D6C100D7CB13 /* Resources */ = {
			isa = PBXResourcesBuildPhase;
			buildActionMask = 2147483647;
			files = (
			);
			runOnlyForDeploymentPostprocessing = 0;
		};
		B502CC042D02D6DC00D7CB13 /* Resources */ = {
			isa = PBXResourcesBuildPhase;
			buildActionMask = 2147483647;
			files = (
			);
			runOnlyForDeploymentPostprocessing = 0;
		};
		B55D13C52CE208CC00C73A8B /* Resources */ = {
			isa = PBXResourcesBuildPhase;
			buildActionMask = 2147483647;
			files = (
				B55D13EC2CE2094900C73A8B /* Assets.xcassets in Resources */,
				B55D13EE2CE2094900C73A8B /* LaunchScreen.storyboard in Resources */,
			);
			runOnlyForDeploymentPostprocessing = 0;
		};
/* End PBXResourcesBuildPhase section */

/* Begin PBXSourcesBuildPhase section */
		B502CBF22D02D6C100D7CB13 /* Sources */ = {
			isa = PBXSourcesBuildPhase;
			buildActionMask = 2147483647;
			files = (
				B502CC192D02EC6700D7CB13 /* MockKeypadViewDelegate.swift in Sources */,
				B502CC1D2D02FEAD00D7CB13 /* MockCalculatorModel+Impl.swift in Sources */,
				B502CC1F2D02FEB600D7CB13 /* MockCalculatorView+Impl.swift in Sources */,
				B502CC252D0327EB00D7CB13 /* CalculatorModelTests.swift in Sources */,
				B502CC172D02DEC500D7CB13 /* CalculatorViewTests.swift in Sources */,
				B502CC1B2D02FE2200D7CB13 /* CalculatorControllerTests.swift in Sources */,
			);
			runOnlyForDeploymentPostprocessing = 0;
		};
		B502CC022D02D6DC00D7CB13 /* Sources */ = {
			isa = PBXSourcesBuildPhase;
			buildActionMask = 2147483647;
			files = (
				B502CC142D02D6E300D7CB13 /* ExCalculatorUITests.swift in Sources */,
				B502CC152D02D6E300D7CB13 /* ExCalculatorUITestsLaunchTests.swift in Sources */,
			);
			runOnlyForDeploymentPostprocessing = 0;
		};
		B55D13C32CE208CC00C73A8B /* Sources */ = {
			isa = PBXSourcesBuildPhase;
			buildActionMask = 2147483647;
			files = (
				B502CC2B2D03F83D00D7CB13 /* ExCalulatorApp.swift in Sources */,
				B502CBC42D01D6D000D7CB13 /* CalculatorView.swift in Sources */,
				B502CBC62D01DA7000D7CB13 /* KeypadView.swift in Sources */,
				B502CBC12D01D6A700D7CB13 /* CalculatorViewController.swift in Sources */,
				B502CBC92D020C4000D7CB13 /* CalculatorModel.swift in Sources */,
				B55D13EA2CE2094900C73A8B /* SceneDelegate.swift in Sources */,
			);
			runOnlyForDeploymentPostprocessing = 0;
		};
/* End PBXSourcesBuildPhase section */

/* Begin PBXTargetDependency section */
		B502CBFB2D02D6C100D7CB13 /* PBXTargetDependency */ = {
			isa = PBXTargetDependency;
			target = B55D13C62CE208CC00C73A8B /* ExCalculator */;
			targetProxy = B502CBFA2D02D6C100D7CB13 /* PBXContainerItemProxy */;
		};
		B502CC0D2D02D6DC00D7CB13 /* PBXTargetDependency */ = {
			isa = PBXTargetDependency;
			target = B55D13C62CE208CC00C73A8B /* ExCalculator */;
			targetProxy = B502CC0C2D02D6DC00D7CB13 /* PBXContainerItemProxy */;
		};
/* End PBXTargetDependency section */

/* Begin PBXVariantGroup section */
		B55D13E32CE2094900C73A8B /* LaunchScreen.storyboard */ = {
			isa = PBXVariantGroup;
			children = (
				B55D13E22CE2094900C73A8B /* Base */,
			);
			name = LaunchScreen.storyboard;
			sourceTree = "<group>";
		};
/* End PBXVariantGroup section */

/* Begin XCBuildConfiguration section */
		B502CBFC2D02D6C100D7CB13 /* Debug */ = {
			isa = XCBuildConfiguration;
			buildSettings = {
				BUNDLE_LOADER = "$(TEST_HOST)";
				CODE_SIGN_STYLE = Automatic;
				CURRENT_PROJECT_VERSION = 1;
				GENERATE_INFOPLIST_FILE = YES;
				IPHONEOS_DEPLOYMENT_TARGET = 15.6;
				MARKETING_VERSION = 1.0;
				PRODUCT_BUNDLE_IDENTIFIER = com.arex.ExCalculatorTests;
				PRODUCT_NAME = "$(TARGET_NAME)";
				SWIFT_EMIT_LOC_STRINGS = NO;
				SWIFT_VERSION = 5.0;
				TARGETED_DEVICE_FAMILY = "1,2";
				TEST_HOST = "$(BUILT_PRODUCTS_DIR)/ExCalculator.app/$(BUNDLE_EXECUTABLE_FOLDER_PATH)/ExCalculator";
			};
			name = Debug;
		};
		B502CBFD2D02D6C100D7CB13 /* Release */ = {
			isa = XCBuildConfiguration;
			buildSettings = {
				BUNDLE_LOADER = "$(TEST_HOST)";
				CODE_SIGN_STYLE = Automatic;
				CURRENT_PROJECT_VERSION = 1;
				GENERATE_INFOPLIST_FILE = YES;
				IPHONEOS_DEPLOYMENT_TARGET = 15.6;
				MARKETING_VERSION = 1.0;
				PRODUCT_BUNDLE_IDENTIFIER = com.arex.ExCalculatorTests;
				PRODUCT_NAME = "$(TARGET_NAME)";
				SWIFT_EMIT_LOC_STRINGS = NO;
				SWIFT_VERSION = 5.0;
				TARGETED_DEVICE_FAMILY = "1,2";
				TEST_HOST = "$(BUILT_PRODUCTS_DIR)/ExCalculator.app/$(BUNDLE_EXECUTABLE_FOLDER_PATH)/ExCalculator";
			};
			name = Release;
		};
		B502CC0F2D02D6DC00D7CB13 /* Debug */ = {
			isa = XCBuildConfiguration;
			buildSettings = {
				CODE_SIGN_STYLE = Automatic;
				CURRENT_PROJECT_VERSION = 1;
				GENERATE_INFOPLIST_FILE = YES;
				IPHONEOS_DEPLOYMENT_TARGET = 15.6;
				MARKETING_VERSION = 1.0;
				PRODUCT_BUNDLE_IDENTIFIER = com.arex.ExCalculatorUITests;
				PRODUCT_NAME = "$(TARGET_NAME)";
				SWIFT_EMIT_LOC_STRINGS = NO;
				SWIFT_VERSION = 5.0;
				TARGETED_DEVICE_FAMILY = "1,2";
				TEST_TARGET_NAME = ExCalculator;
			};
			name = Debug;
		};
		B502CC102D02D6DC00D7CB13 /* Release */ = {
			isa = XCBuildConfiguration;
			buildSettings = {
				CODE_SIGN_STYLE = Automatic;
				CURRENT_PROJECT_VERSION = 1;
				GENERATE_INFOPLIST_FILE = YES;
				IPHONEOS_DEPLOYMENT_TARGET = 15.6;
				MARKETING_VERSION = 1.0;
				PRODUCT_BUNDLE_IDENTIFIER = com.arex.ExCalculatorUITests;
				PRODUCT_NAME = "$(TARGET_NAME)";
				SWIFT_EMIT_LOC_STRINGS = NO;
				SWIFT_VERSION = 5.0;
				TARGETED_DEVICE_FAMILY = "1,2";
				TEST_TARGET_NAME = ExCalculator;
			};
			name = Release;
		};
		B55D13DB2CE208CD00C73A8B /* Debug */ = {
			isa = XCBuildConfiguration;
			buildSettings = {
				ASSETCATALOG_COMPILER_APPICON_NAME = AppIcon;
				ASSETCATALOG_COMPILER_GLOBAL_ACCENT_COLOR_NAME = AccentColor;
				CODE_SIGN_STYLE = Automatic;
				CURRENT_PROJECT_VERSION = 1;
				GENERATE_INFOPLIST_FILE = YES;
				INFOPLIST_FILE = ExCalculator/Info.plist;
				INFOPLIST_KEY_UIApplicationSupportsIndirectInputEvents = YES;
				INFOPLIST_KEY_UILaunchStoryboardName = LaunchScreen;
				INFOPLIST_KEY_UISupportedInterfaceOrientations = "UIInterfaceOrientationLandscapeLeft UIInterfaceOrientationLandscapeRight UIInterfaceOrientationPortrait";
				INFOPLIST_KEY_UISupportedInterfaceOrientations_iPad = "UIInterfaceOrientationLandscapeLeft UIInterfaceOrientationLandscapeRight UIInterfaceOrientationPortrait UIInterfaceOrientationPortraitUpsideDown";
				IPHONEOS_DEPLOYMENT_TARGET = 15.6;
				LD_RUNPATH_SEARCH_PATHS = (
					"$(inherited)",
					"@executable_path/Frameworks",
				);
				MARKETING_VERSION = 1.0;
				PRODUCT_BUNDLE_IDENTIFIER = com.arex.ExCalculator;
				PRODUCT_NAME = "$(TARGET_NAME)";
				SUPPORTED_PLATFORMS = "iphoneos iphonesimulator";
				SUPPORTS_MACCATALYST = NO;
				SUPPORTS_MAC_DESIGNED_FOR_IPHONE_IPAD = NO;
				SUPPORTS_XR_DESIGNED_FOR_IPHONE_IPAD = NO;
				SWIFT_EMIT_LOC_STRINGS = YES;
				SWIFT_VERSION = 5.0;
				TARGETED_DEVICE_FAMILY = "1,2";
			};
			name = Debug;
		};
		B55D13DC2CE208CD00C73A8B /* Release */ = {
			isa = XCBuildConfiguration;
			buildSettings = {
				ASSETCATALOG_COMPILER_APPICON_NAME = AppIcon;
				ASSETCATALOG_COMPILER_GLOBAL_ACCENT_COLOR_NAME = AccentColor;
				CODE_SIGN_STYLE = Automatic;
				CURRENT_PROJECT_VERSION = 1;
				GENERATE_INFOPLIST_FILE = YES;
				INFOPLIST_FILE = ExCalculator/Info.plist;
				INFOPLIST_KEY_UIApplicationSupportsIndirectInputEvents = YES;
				INFOPLIST_KEY_UILaunchStoryboardName = LaunchScreen;
				INFOPLIST_KEY_UISupportedInterfaceOrientations = "UIInterfaceOrientationLandscapeLeft UIInterfaceOrientationLandscapeRight UIInterfaceOrientationPortrait";
				INFOPLIST_KEY_UISupportedInterfaceOrientations_iPad = "UIInterfaceOrientationLandscapeLeft UIInterfaceOrientationLandscapeRight UIInterfaceOrientationPortrait UIInterfaceOrientationPortraitUpsideDown";
				IPHONEOS_DEPLOYMENT_TARGET = 15.6;
				LD_RUNPATH_SEARCH_PATHS = (
					"$(inherited)",
					"@executable_path/Frameworks",
				);
				MARKETING_VERSION = 1.0;
				PRODUCT_BUNDLE_IDENTIFIER = com.arex.ExCalculator;
				PRODUCT_NAME = "$(TARGET_NAME)";
				SUPPORTED_PLATFORMS = "iphoneos iphonesimulator";
				SUPPORTS_MACCATALYST = NO;
				SUPPORTS_MAC_DESIGNED_FOR_IPHONE_IPAD = NO;
				SUPPORTS_XR_DESIGNED_FOR_IPHONE_IPAD = NO;
				SWIFT_EMIT_LOC_STRINGS = YES;
				SWIFT_VERSION = 5.0;
				TARGETED_DEVICE_FAMILY = "1,2";
			};
			name = Release;
		};
		B55D13DD2CE208CD00C73A8B /* Debug */ = {
			isa = XCBuildConfiguration;
			buildSettings = {
				ALWAYS_SEARCH_USER_PATHS = NO;
				ASSETCATALOG_COMPILER_GENERATE_SWIFT_ASSET_SYMBOL_EXTENSIONS = YES;
				CLANG_ANALYZER_NONNULL = YES;
				CLANG_ANALYZER_NUMBER_OBJECT_CONVERSION = YES_AGGRESSIVE;
				CLANG_CXX_LANGUAGE_STANDARD = "gnu++20";
				CLANG_ENABLE_MODULES = YES;
				CLANG_ENABLE_OBJC_ARC = YES;
				CLANG_ENABLE_OBJC_WEAK = YES;
				CLANG_WARN_BLOCK_CAPTURE_AUTORELEASING = YES;
				CLANG_WARN_BOOL_CONVERSION = YES;
				CLANG_WARN_COMMA = YES;
				CLANG_WARN_CONSTANT_CONVERSION = YES;
				CLANG_WARN_DEPRECATED_OBJC_IMPLEMENTATIONS = YES;
				CLANG_WARN_DIRECT_OBJC_ISA_USAGE = YES_ERROR;
				CLANG_WARN_DOCUMENTATION_COMMENTS = YES;
				CLANG_WARN_EMPTY_BODY = YES;
				CLANG_WARN_ENUM_CONVERSION = YES;
				CLANG_WARN_INFINITE_RECURSION = YES;
				CLANG_WARN_INT_CONVERSION = YES;
				CLANG_WARN_NON_LITERAL_NULL_CONVERSION = YES;
				CLANG_WARN_OBJC_IMPLICIT_RETAIN_SELF = YES;
				CLANG_WARN_OBJC_LITERAL_CONVERSION = YES;
				CLANG_WARN_OBJC_ROOT_CLASS = YES_ERROR;
				CLANG_WARN_QUOTED_INCLUDE_IN_FRAMEWORK_HEADER = YES;
				CLANG_WARN_RANGE_LOOP_ANALYSIS = YES;
				CLANG_WARN_STRICT_PROTOTYPES = YES;
				CLANG_WARN_SUSPICIOUS_MOVE = YES;
				CLANG_WARN_UNGUARDED_AVAILABILITY = YES_AGGRESSIVE;
				CLANG_WARN_UNREACHABLE_CODE = YES;
				CLANG_WARN__DUPLICATE_METHOD_MATCH = YES;
				COPY_PHASE_STRIP = NO;
				DEBUG_INFORMATION_FORMAT = dwarf;
				ENABLE_STRICT_OBJC_MSGSEND = YES;
				ENABLE_TESTABILITY = YES;
				ENABLE_USER_SCRIPT_SANDBOXING = YES;
				GCC_C_LANGUAGE_STANDARD = gnu17;
				GCC_DYNAMIC_NO_PIC = NO;
				GCC_NO_COMMON_BLOCKS = YES;
				GCC_OPTIMIZATION_LEVEL = 0;
				GCC_PREPROCESSOR_DEFINITIONS = (
					"DEBUG=1",
					"$(inherited)",
				);
				GCC_WARN_64_TO_32_BIT_CONVERSION = YES;
				GCC_WARN_ABOUT_RETURN_TYPE = YES_ERROR;
				GCC_WARN_UNDECLARED_SELECTOR = YES;
				GCC_WARN_UNINITIALIZED_AUTOS = YES_AGGRESSIVE;
				GCC_WARN_UNUSED_FUNCTION = YES;
				GCC_WARN_UNUSED_VARIABLE = YES;
				IPHONEOS_DEPLOYMENT_TARGET = 18.1;
				LOCALIZATION_PREFERS_STRING_CATALOGS = YES;
				MTL_ENABLE_DEBUG_INFO = INCLUDE_SOURCE;
				MTL_FAST_MATH = YES;
				ONLY_ACTIVE_ARCH = YES;
				SDKROOT = iphoneos;
				SWIFT_ACTIVE_COMPILATION_CONDITIONS = "DEBUG $(inherited)";
				SWIFT_OPTIMIZATION_LEVEL = "-Onone";
			};
			name = Debug;
		};
		B55D13DE2CE208CD00C73A8B /* Release */ = {
			isa = XCBuildConfiguration;
			buildSettings = {
				ALWAYS_SEARCH_USER_PATHS = NO;
				ASSETCATALOG_COMPILER_GENERATE_SWIFT_ASSET_SYMBOL_EXTENSIONS = YES;
				CLANG_ANALYZER_NONNULL = YES;
				CLANG_ANALYZER_NUMBER_OBJECT_CONVERSION = YES_AGGRESSIVE;
				CLANG_CXX_LANGUAGE_STANDARD = "gnu++20";
				CLANG_ENABLE_MODULES = YES;
				CLANG_ENABLE_OBJC_ARC = YES;
				CLANG_ENABLE_OBJC_WEAK = YES;
				CLANG_WARN_BLOCK_CAPTURE_AUTORELEASING = YES;
				CLANG_WARN_BOOL_CONVERSION = YES;
				CLANG_WARN_COMMA = YES;
				CLANG_WARN_CONSTANT_CONVERSION = YES;
				CLANG_WARN_DEPRECATED_OBJC_IMPLEMENTATIONS = YES;
				CLANG_WARN_DIRECT_OBJC_ISA_USAGE = YES_ERROR;
				CLANG_WARN_DOCUMENTATION_COMMENTS = YES;
				CLANG_WARN_EMPTY_BODY = YES;
				CLANG_WARN_ENUM_CONVERSION = YES;
				CLANG_WARN_INFINITE_RECURSION = YES;
				CLANG_WARN_INT_CONVERSION = YES;
				CLANG_WARN_NON_LITERAL_NULL_CONVERSION = YES;
				CLANG_WARN_OBJC_IMPLICIT_RETAIN_SELF = YES;
				CLANG_WARN_OBJC_LITERAL_CONVERSION = YES;
				CLANG_WARN_OBJC_ROOT_CLASS = YES_ERROR;
				CLANG_WARN_QUOTED_INCLUDE_IN_FRAMEWORK_HEADER = YES;
				CLANG_WARN_RANGE_LOOP_ANALYSIS = YES;
				CLANG_WARN_STRICT_PROTOTYPES = YES;
				CLANG_WARN_SUSPICIOUS_MOVE = YES;
				CLANG_WARN_UNGUARDED_AVAILABILITY = YES_AGGRESSIVE;
				CLANG_WARN_UNREACHABLE_CODE = YES;
				CLANG_WARN__DUPLICATE_METHOD_MATCH = YES;
				COPY_PHASE_STRIP = NO;
				DEBUG_INFORMATION_FORMAT = "dwarf-with-dsym";
				ENABLE_NS_ASSERTIONS = NO;
				ENABLE_STRICT_OBJC_MSGSEND = YES;
				ENABLE_USER_SCRIPT_SANDBOXING = YES;
				GCC_C_LANGUAGE_STANDARD = gnu17;
				GCC_NO_COMMON_BLOCKS = YES;
				GCC_WARN_64_TO_32_BIT_CONVERSION = YES;
				GCC_WARN_ABOUT_RETURN_TYPE = YES_ERROR;
				GCC_WARN_UNDECLARED_SELECTOR = YES;
				GCC_WARN_UNINITIALIZED_AUTOS = YES_AGGRESSIVE;
				GCC_WARN_UNUSED_FUNCTION = YES;
				GCC_WARN_UNUSED_VARIABLE = YES;
				IPHONEOS_DEPLOYMENT_TARGET = 18.1;
				LOCALIZATION_PREFERS_STRING_CATALOGS = YES;
				MTL_ENABLE_DEBUG_INFO = NO;
				MTL_FAST_MATH = YES;
				SDKROOT = iphoneos;
				SWIFT_COMPILATION_MODE = wholemodule;
				VALIDATE_PRODUCT = YES;
			};
			name = Release;
		};
/* End XCBuildConfiguration section */

/* Begin XCConfigurationList section */
		B502CBFE2D02D6C100D7CB13 /* Build configuration list for PBXNativeTarget "ExCalculatorTests" */ = {
			isa = XCConfigurationList;
			buildConfigurations = (
				B502CBFC2D02D6C100D7CB13 /* Debug */,
				B502CBFD2D02D6C100D7CB13 /* Release */,
			);
			defaultConfigurationIsVisible = 0;
			defaultConfigurationName = Release;
		};
		B502CC0E2D02D6DC00D7CB13 /* Build configuration list for PBXNativeTarget "ExCalculatorUITests" */ = {
			isa = XCConfigurationList;
			buildConfigurations = (
				B502CC0F2D02D6DC00D7CB13 /* Debug */,
				B502CC102D02D6DC00D7CB13 /* Release */,
			);
			defaultConfigurationIsVisible = 0;
			defaultConfigurationName = Release;
		};
		B55D13C22CE208CC00C73A8B /* Build configuration list for PBXProject "ExCalculator" */ = {
			isa = XCConfigurationList;
			buildConfigurations = (
				B55D13DD2CE208CD00C73A8B /* Debug */,
				B55D13DE2CE208CD00C73A8B /* Release */,
			);
			defaultConfigurationIsVisible = 0;
			defaultConfigurationName = Release;
		};
		B55D13DA2CE208CD00C73A8B /* Build configuration list for PBXNativeTarget "ExCalculator" */ = {
			isa = XCConfigurationList;
			buildConfigurations = (
				B55D13DB2CE208CD00C73A8B /* Debug */,
				B55D13DC2CE208CD00C73A8B /* Release */,
			);
			defaultConfigurationIsVisible = 0;
			defaultConfigurationName = Release;
		};
/* End XCConfigurationList section */
	};
	rootObject = B55D13BF2CE208CC00C73A8B /* Project object */;
}
